# This file was autogenerated by Stack.
# You should not edit this file by hand.
# For more information, please see the documentation at:
#   https://docs.haskellstack.org/en/stable/lock_files

packages:
- completed:
    pantry-tree:
      sha256: f0fc7a19f21f364f7b3950a6450dc59c0700aa6a20a8320034f98e17df02aa30
      size: 1140
    hackage: katip-0.6.3.0@sha256:26948b73c7a9815516f46287eb44835fe452854b6ffd486524e5ed5e909562bf,4272
  original:
    hackage: katip-0.6.3.0
snapshots:
- completed:
    sha256: 95f014df58d0679b1c4a2b7bf2b652b61da8d30de5f571abb0d59015ef678646
    size: 509471
    url: https://raw.githubusercontent.com/commercialhaskell/stackage-snapshots/master/lts/12/26.yaml
  original: lts-12.26
