# This file was autogenerated by Stack.
# You should not edit this file by hand.
# For more information, please see the documentation at:
#   https://docs.haskellstack.org/en/stable/lock_files

packages:
- completed:
    hackage: katip-0.5.4.0@sha256:6fd2c835e940f8d07525c62755df5814a5719c005e43bbc875ddbdae8fe6af60,4289
    pantry-tree:
      size: 1140
      sha256: 6b53797d52da581ec75f3e75b5ef3f585a6018d15f92ac59fa5143af34e85c85
  original:
    hackage: katip-0.5.4.0
snapshots:
- completed:
    size: 507418
    url: https://raw.githubusercontent.com/commercialhaskell/stackage-snapshots/master/lts/11/8.yaml
    sha256: 2fc510eec19e4aecb06e5b2d7faa9a4004b55265fb5f13eb09b2be885726e810
  original: lts-11.8
